
Microsoft Visual Studio Solution File, Format Version 12.00
# Visual Studio 15
VisualStudioVersion = 15.0.28307.960
MinimumVisualStudioVersion = 10.0.40219.1
Project("{FAE04EC0-301F-11D3-BF4B-00C04F79EFBC}") = "Factory", "Factory\Factory.csproj", "{D6823450-B114-43D5-B38B-4EA91407C0C7}"
EndProject
Project("{FAE04EC0-301F-11D3-BF4B-00C04F79EFBC}") = "Abstract Factory", "Abstract Factory\Abstract Factory.csproj", "{FE037301-F202-4245-B90F-546443519999}"
EndProject
Project("{FAE04EC0-301F-11D3-BF4B-00C04F79EFBC}") = "Builder", "Builder\Builder.csproj", "{6984A1A1-B1E4-4C65-B458-E87EE9B1C642}"
EndProject
Project("{FAE04EC0-301F-11D3-BF4B-00C04F79EFBC}") = "Prototype", "Prototype\Prototype.csproj", "{EA393172-C171-414D-A303-F2F1F16E5222}"
EndProject
Project("{FAE04EC0-301F-11D3-BF4B-00C04F79EFBC}") = "Singleton", "Singleton\Singleton.csproj", "{D53AA0FC-76F7-4106-9288-8F321B183512}"
EndProject
Global
	GlobalSection(SolutionConfigurationPlatforms) = preSolution
		Debug|Any CPU = Debug|Any CPU
		Release|Any CPU = Release|Any CPU
	EndGlobalSection
	GlobalSection(ProjectConfigurationPlatforms) = postSolution
		{D6823450-B114-43D5-B38B-4EA91407C0C7}.Debug|Any CPU.ActiveCfg = Debug|Any CPU
		{D6823450-B114-43D5-B38B-4EA91407C0C7}.Debug|Any CPU.Build.0 = Debug|Any CPU
		{D6823450-B114-43D5-B38B-4EA91407C0C7}.Release|Any CPU.ActiveCfg = Release|Any CPU
		{D6823450-B114-43D5-B38B-4EA91407C0C7}.Release|Any CPU.Build.0 = Release|Any CPU
		{FE037301-F202-4245-B90F-546443519999}.Debug|Any CPU.ActiveCfg = Debug|Any CPU
		{FE037301-F202-4245-B90F-546443519999}.Debug|Any CPU.Build.0 = Debug|Any CPU
		{FE037301-F202-4245-B90F-546443519999}.Release|Any CPU.ActiveCfg = Release|Any CPU
		{FE037301-F202-4245-B90F-546443519999}.Release|Any CPU.Build.0 = Release|Any CPU
		{6984A1A1-B1E4-4C65-B458-E87EE9B1C642}.Debug|Any CPU.ActiveCfg = Debug|Any CPU
		{6984A1A1-B1E4-4C65-B458-E87EE9B1C642}.Debug|Any CPU.Build.0 = Debug|Any CPU
		{6984A1A1-B1E4-4C65-B458-E87EE9B1C642}.Release|Any CPU.ActiveCfg = Release|Any CPU
		{6984A1A1-B1E4-4C65-B458-E87EE9B1C642}.Release|Any CPU.Build.0 = Release|Any CPU
		{EA393172-C171-414D-A303-F2F1F16E5222}.Debug|Any CPU.ActiveCfg = Debug|Any CPU
		{EA393172-C171-414D-A303-F2F1F16E5222}.Debug|Any CPU.Build.0 = Debug|Any CPU
		{EA393172-C171-414D-A303-F2F1F16E5222}.Release|Any CPU.ActiveCfg = Release|Any CPU
		{EA393172-C171-414D-A303-F2F1F16E5222}.Release|Any CPU.Build.0 = Release|Any CPU
		{D53AA0FC-76F7-4106-9288-8F321B183512}.Debug|Any CPU.ActiveCfg = Debug|Any CPU
		{D53AA0FC-76F7-4106-9288-8F321B183512}.Debug|Any CPU.Build.0 = Debug|Any CPU
		{D53AA0FC-76F7-4106-9288-8F321B183512}.Release|Any CPU.ActiveCfg = Release|Any CPU
		{D53AA0FC-76F7-4106-9288-8F321B183512}.Release|Any CPU.Build.0 = Release|Any CPU
	EndGlobalSection
	GlobalSection(SolutionProperties) = preSolution
		HideSolutionNode = FALSE
	EndGlobalSection
	GlobalSection(ExtensibilityGlobals) = postSolution
		SolutionGuid = {17D71FB3-7AB9-40AF-8A4A-1CB09BFFB290}
	EndGlobalSection
EndGlobal
